
Microsoft Visual Studio Solution File, Format Version 12.00
# Visual Studio Version 16
VisualStudioVersion = 16.0.30225.117
MinimumVisualStudioVersion = 10.0.40219.1
Project("{FAE04EC0-301F-11D3-BF4B-00C04F79EFBC}") = "Biblioteca", "Biblioteca.csproj", "{CDD4DEA9-F5DF-46F2-A835-97DF391AFC54}"
EndProject
Global
	GlobalSection(SolutionConfigurationPlatforms) = preSolution
		Debug|Any CPU = Debug|Any CPU
		Release|Any CPU = Release|Any CPU
	EndGlobalSection
	GlobalSection(ProjectConfigurationPlatforms) = postSolution
		{CDD4DEA9-F5DF-46F2-A835-97DF391AFC54}.Debug|Any CPU.ActiveCfg = Debug|Any CPU
		{CDD4DEA9-F5DF-46F2-A835-97DF391AFC54}.Debug|Any CPU.Build.0 = Debug|Any CPU
		{CDD4DEA9-F5DF-46F2-A835-97DF391AFC54}.Release|Any CPU.ActiveCfg = Release|Any CPU
		{CDD4DEA9-F5DF-46F2-A835-97DF391AFC54}.Release|Any CPU.Build.0 = Release|Any CPU
	EndGlobalSection
	GlobalSection(SolutionProperties) = preSolution
		HideSolutionNode = FALSE
	EndGlobalSection
	GlobalSection(ExtensibilityGlobals) = postSolution
		SolutionGuid = {AD9F3779-72E9-4228-8B32-ACEE30A02A1C}
	EndGlobalSection
EndGlobal
